
Microsoft Visual Studio Solution File, Format Version 12.00
# Visual Studio Version 17
VisualStudioVersion = 17.0.31903.59
MinimumVisualStudioVersion = 10.0.40219.1
Project("{2150E333-8FDC-42A3-9474-1A3956D46DE8}") = "src", "src", "{827E0CD3-B72D-47B6-A68D-7590B98EB39B}"
EndProject
Project("{FAE04EC0-301F-11D3-BF4B-00C04F79EFBC}") = "CocktailHub.Api", "src\CocktailHub.Api\CocktailHub.Api.csproj", "{A354E248-647F-4C30-A43B-0D2E16953D76}"
EndProject
Project("{FAE04EC0-301F-11D3-BF4B-00C04F79EFBC}") = "CocktailHub.Core", "src\CocktailHub.Core\CocktailHub.Core.csproj", "{26C90D80-74DB-4953-AA9D-34B2DB381ED4}"
EndProject
Project("{FAE04EC0-301F-11D3-BF4B-00C04F79EFBC}") = "CocktailHub.Infrastructure", "src\CocktailHub.Infrastructure\CocktailHub.Infrastructure.csproj", "{736E8560-5A85-4009-845E-24D7CA85B995}"
EndProject
Global
	GlobalSection(SolutionConfigurationPlatforms) = preSolution
		Debug|Any CPU = Debug|Any CPU
		Debug|x64 = Debug|x64
		Debug|x86 = Debug|x86
		Release|Any CPU = Release|Any CPU
		Release|x64 = Release|x64
		Release|x86 = Release|x86
	EndGlobalSection
	GlobalSection(ProjectConfigurationPlatforms) = postSolution
		{A354E248-647F-4C30-A43B-0D2E16953D76}.Debug|Any CPU.ActiveCfg = Debug|Any CPU
		{A354E248-647F-4C30-A43B-0D2E16953D76}.Debug|Any CPU.Build.0 = Debug|Any CPU
		{A354E248-647F-4C30-A43B-0D2E16953D76}.Debug|x64.ActiveCfg = Debug|Any CPU
		{A354E248-647F-4C30-A43B-0D2E16953D76}.Debug|x64.Build.0 = Debug|Any CPU
		{A354E248-647F-4C30-A43B-0D2E16953D76}.Debug|x86.ActiveCfg = Debug|Any CPU
		{A354E248-647F-4C30-A43B-0D2E16953D76}.Debug|x86.Build.0 = Debug|Any CPU
		{A354E248-647F-4C30-A43B-0D2E16953D76}.Release|Any CPU.ActiveCfg = Release|Any CPU
		{A354E248-647F-4C30-A43B-0D2E16953D76}.Release|Any CPU.Build.0 = Release|Any CPU
		{A354E248-647F-4C30-A43B-0D2E16953D76}.Release|x64.ActiveCfg = Release|Any CPU
		{A354E248-647F-4C30-A43B-0D2E16953D76}.Release|x64.Build.0 = Release|Any CPU
		{A354E248-647F-4C30-A43B-0D2E16953D76}.Release|x86.ActiveCfg = Release|Any CPU
		{A354E248-647F-4C30-A43B-0D2E16953D76}.Release|x86.Build.0 = Release|Any CPU
		{26C90D80-74DB-4953-AA9D-34B2DB381ED4}.Debug|Any CPU.ActiveCfg = Debug|Any CPU
		{26C90D80-74DB-4953-AA9D-34B2DB381ED4}.Debug|Any CPU.Build.0 = Debug|Any CPU
		{26C90D80-74DB-4953-AA9D-34B2DB381ED4}.Debug|x64.ActiveCfg = Debug|Any CPU
		{26C90D80-74DB-4953-AA9D-34B2DB381ED4}.Debug|x64.Build.0 = Debug|Any CPU
		{26C90D80-74DB-4953-AA9D-34B2DB381ED4}.Debug|x86.ActiveCfg = Debug|Any CPU
		{26C90D80-74DB-4953-AA9D-34B2DB381ED4}.Debug|x86.Build.0 = Debug|Any CPU
		{26C90D80-74DB-4953-AA9D-34B2DB381ED4}.Release|Any CPU.ActiveCfg = Release|Any CPU
		{26C90D80-74DB-4953-AA9D-34B2DB381ED4}.Release|Any CPU.Build.0 = Release|Any CPU
		{26C90D80-74DB-4953-AA9D-34B2DB381ED4}.Release|x64.ActiveCfg = Release|Any CPU
		{26C90D80-74DB-4953-AA9D-34B2DB381ED4}.Release|x64.Build.0 = Release|Any CPU
		{26C90D80-74DB-4953-AA9D-34B2DB381ED4}.Release|x86.ActiveCfg = Release|Any CPU
		{26C90D80-74DB-4953-AA9D-34B2DB381ED4}.Release|x86.Build.0 = Release|Any CPU
		{736E8560-5A85-4009-845E-24D7CA85B995}.Debug|Any CPU.ActiveCfg = Debug|Any CPU
		{736E8560-5A85-4009-845E-24D7CA85B995}.Debug|Any CPU.Build.0 = Debug|Any CPU
		{736E8560-5A85-4009-845E-24D7CA85B995}.Debug|x64.ActiveCfg = Debug|Any CPU
		{736E8560-5A85-4009-845E-24D7CA85B995}.Debug|x64.Build.0 = Debug|Any CPU
		{736E8560-5A85-4009-845E-24D7CA85B995}.Debug|x86.ActiveCfg = Debug|Any CPU
		{736E8560-5A85-4009-845E-24D7CA85B995}.Debug|x86.Build.0 = Debug|Any CPU
		{736E8560-5A85-4009-845E-24D7CA85B995}.Release|Any CPU.ActiveCfg = Release|Any CPU
		{736E8560-5A85-4009-845E-24D7CA85B995}.Release|Any CPU.Build.0 = Release|Any CPU
		{736E8560-5A85-4009-845E-24D7CA85B995}.Release|x64.ActiveCfg = Release|Any CPU
		{736E8560-5A85-4009-845E-24D7CA85B995}.Release|x64.Build.0 = Release|Any CPU
		{736E8560-5A85-4009-845E-24D7CA85B995}.Release|x86.ActiveCfg = Release|Any CPU
		{736E8560-5A85-4009-845E-24D7CA85B995}.Release|x86.Build.0 = Release|Any CPU
	EndGlobalSection
	GlobalSection(SolutionProperties) = preSolution
		HideSolutionNode = FALSE
	EndGlobalSection
	GlobalSection(NestedProjects) = preSolution
		{A354E248-647F-4C30-A43B-0D2E16953D76} = {827E0CD3-B72D-47B6-A68D-7590B98EB39B}
		{26C90D80-74DB-4953-AA9D-34B2DB381ED4} = {827E0CD3-B72D-47B6-A68D-7590B98EB39B}
		{736E8560-5A85-4009-845E-24D7CA85B995} = {827E0CD3-B72D-47B6-A68D-7590B98EB39B}
	EndGlobalSection
EndGlobal
